
Microsoft Visual Studio Solution File, Format Version 12.00
# Visual Studio 15
VisualStudioVersion = 15.0.28010.2016
MinimumVisualStudioVersion = 10.0.40219.1
Project("{FAE04EC0-301F-11D3-BF4B-00C04F79EFBC}") = "Mints", "Mints\Mints.csproj", "{DB84A53C-0F77-4198-9DCA-56FB00B26327}"
EndProject
Project("{FAE04EC0-301F-11D3-BF4B-00C04F79EFBC}") = "Mints.DLayer", "Mints.DLayer\Mints.DLayer.csproj", "{C10D851E-A64B-425B-A9C4-7F5118E3B8DB}"
EndProject
Project("{FAE04EC0-301F-11D3-BF4B-00C04F79EFBC}") = "Mints.BLayer", "Mints.BLayer\Mints.BLayer.csproj", "{1442CD92-B626-4D76-81CB-0321AC1E7AF9}"
EndProject
Global
	GlobalSection(SolutionConfigurationPlatforms) = preSolution
		Debug|Any CPU = Debug|Any CPU
		Release|Any CPU = Release|Any CPU
	EndGlobalSection
	GlobalSection(ProjectConfigurationPlatforms) = postSolution
		{DB84A53C-0F77-4198-9DCA-56FB00B26327}.Debug|Any CPU.ActiveCfg = Debug|Any CPU
		{DB84A53C-0F77-4198-9DCA-56FB00B26327}.Debug|Any CPU.Build.0 = Debug|Any CPU
		{DB84A53C-0F77-4198-9DCA-56FB00B26327}.Release|Any CPU.ActiveCfg = Release|Any CPU
		{DB84A53C-0F77-4198-9DCA-56FB00B26327}.Release|Any CPU.Build.0 = Release|Any CPU
		{C10D851E-A64B-425B-A9C4-7F5118E3B8DB}.Debug|Any CPU.ActiveCfg = Debug|Any CPU
		{C10D851E-A64B-425B-A9C4-7F5118E3B8DB}.Debug|Any CPU.Build.0 = Debug|Any CPU
		{C10D851E-A64B-425B-A9C4-7F5118E3B8DB}.Release|Any CPU.ActiveCfg = Release|Any CPU
		{C10D851E-A64B-425B-A9C4-7F5118E3B8DB}.Release|Any CPU.Build.0 = Release|Any CPU
		{1442CD92-B626-4D76-81CB-0321AC1E7AF9}.Debug|Any CPU.ActiveCfg = Debug|Any CPU
		{1442CD92-B626-4D76-81CB-0321AC1E7AF9}.Debug|Any CPU.Build.0 = Debug|Any CPU
		{1442CD92-B626-4D76-81CB-0321AC1E7AF9}.Release|Any CPU.ActiveCfg = Release|Any CPU
		{1442CD92-B626-4D76-81CB-0321AC1E7AF9}.Release|Any CPU.Build.0 = Release|Any CPU
	EndGlobalSection
	GlobalSection(SolutionProperties) = preSolution
		HideSolutionNode = FALSE
	EndGlobalSection
	GlobalSection(ExtensibilityGlobals) = postSolution
		SolutionGuid = {9DE4582D-C372-4FDD-A211-01711572B850}
	EndGlobalSection
EndGlobal
